
Microsoft Visual Studio Solution File, Format Version 12.00
# Visual Studio Version 16
VisualStudioVersion = 16.0.30611.23
MinimumVisualStudioVersion = 10.0.40219.1
Project("{9A19103F-16F7-4668-BE54-9A1E7A4F7556}") = "OdeToFood", "OdeToFood\OdeToFood.csproj", "{395D50B2-FF1A-431C-859E-295D31896664}"
EndProject
Project("{FAE04EC0-301F-11D3-BF4B-00C04F79EFBC}") = "OdeToFood.Core", "OdeToFood.Core\OdeToFood.Core.csproj", "{251F6FFB-D3E8-4376-9BD0-D8C73D31C532}"
EndProject
Project("{FAE04EC0-301F-11D3-BF4B-00C04F79EFBC}") = "OdeToFood.Data", "OdeToFood.Data\OdeToFood.Data.csproj", "{94AAA0C8-D4C3-4EA1-BB74-AA7DE7B06889}"
EndProject
Global
	GlobalSection(SolutionConfigurationPlatforms) = preSolution
		Debug|Any CPU = Debug|Any CPU
		Release|Any CPU = Release|Any CPU
	EndGlobalSection
	GlobalSection(ProjectConfigurationPlatforms) = postSolution
		{395D50B2-FF1A-431C-859E-295D31896664}.Debug|Any CPU.ActiveCfg = Debug|Any CPU
		{395D50B2-FF1A-431C-859E-295D31896664}.Debug|Any CPU.Build.0 = Debug|Any CPU
		{395D50B2-FF1A-431C-859E-295D31896664}.Release|Any CPU.ActiveCfg = Release|Any CPU
		{395D50B2-FF1A-431C-859E-295D31896664}.Release|Any CPU.Build.0 = Release|Any CPU
		{251F6FFB-D3E8-4376-9BD0-D8C73D31C532}.Debug|Any CPU.ActiveCfg = Debug|Any CPU
		{251F6FFB-D3E8-4376-9BD0-D8C73D31C532}.Debug|Any CPU.Build.0 = Debug|Any CPU
		{251F6FFB-D3E8-4376-9BD0-D8C73D31C532}.Release|Any CPU.ActiveCfg = Release|Any CPU
		{251F6FFB-D3E8-4376-9BD0-D8C73D31C532}.Release|Any CPU.Build.0 = Release|Any CPU
		{94AAA0C8-D4C3-4EA1-BB74-AA7DE7B06889}.Debug|Any CPU.ActiveCfg = Debug|Any CPU
		{94AAA0C8-D4C3-4EA1-BB74-AA7DE7B06889}.Debug|Any CPU.Build.0 = Debug|Any CPU
		{94AAA0C8-D4C3-4EA1-BB74-AA7DE7B06889}.Release|Any CPU.ActiveCfg = Release|Any CPU
		{94AAA0C8-D4C3-4EA1-BB74-AA7DE7B06889}.Release|Any CPU.Build.0 = Release|Any CPU
	EndGlobalSection
	GlobalSection(SolutionProperties) = preSolution
		HideSolutionNode = FALSE
	EndGlobalSection
	GlobalSection(ExtensibilityGlobals) = postSolution
		SolutionGuid = {943D06B9-B069-4A5E-90D6-2A5EBD461CBE}
	EndGlobalSection
EndGlobal
